
Microsoft Visual Studio Solution File, Format Version 12.00
# Visual Studio 15
Project("{FAE04EC0-301F-11D3-BF4B-00C04F79EFBC}") = "Assembly-CSharp", "Assembly-CSharp.csproj", "{C5EF70C3-5AD3-E921-DF7A-3C8105C14F99}"
EndProject
Project("{FAE04EC0-301F-11D3-BF4B-00C04F79EFBC}") = "endel.nativewebsocket", "endel.nativewebsocket.csproj", "{4920611C-90FB-E17C-CDAD-341C62E29FD7}"
EndProject
Global
	GlobalSection(SolutionConfigurationPlatforms) = preSolution
		Debug|Any CPU = Debug|Any CPU
		Release|Any CPU = Release|Any CPU
	EndGlobalSection
	GlobalSection(ProjectConfigurationPlatforms) = postSolution
		{C5EF70C3-5AD3-E921-DF7A-3C8105C14F99}.Debug|Any CPU.ActiveCfg = Debug|Any CPU
		{C5EF70C3-5AD3-E921-DF7A-3C8105C14F99}.Debug|Any CPU.Build.0 = Debug|Any CPU
		{C5EF70C3-5AD3-E921-DF7A-3C8105C14F99}.Release|Any CPU.ActiveCfg = Release|Any CPU
		{C5EF70C3-5AD3-E921-DF7A-3C8105C14F99}.Release|Any CPU.Build.0 = Release|Any CPU
		{4920611C-90FB-E17C-CDAD-341C62E29FD7}.Debug|Any CPU.ActiveCfg = Debug|Any CPU
		{4920611C-90FB-E17C-CDAD-341C62E29FD7}.Debug|Any CPU.Build.0 = Debug|Any CPU
		{4920611C-90FB-E17C-CDAD-341C62E29FD7}.Release|Any CPU.ActiveCfg = Release|Any CPU
		{4920611C-90FB-E17C-CDAD-341C62E29FD7}.Release|Any CPU.Build.0 = Release|Any CPU
	EndGlobalSection
	GlobalSection(SolutionProperties) = preSolution
		HideSolutionNode = FALSE
	EndGlobalSection
EndGlobal
